
Microsoft Visual Studio Solution File, Format Version 12.00
# Visual Studio 15
VisualStudioVersion = 15.0.28010.2046
MinimumVisualStudioVersion = 10.0.40219.1
Project("{FAE04EC0-301F-11D3-BF4B-00C04F79EFBC}") = "ShortestPath", "ShortestPath\ShortestPath.csproj", "{E03997F5-E3AE-49E7-9F10-61664925C83A}"
EndProject
Global
	GlobalSection(SolutionConfigurationPlatforms) = preSolution
		Debug|Any CPU = Debug|Any CPU
		Release|Any CPU = Release|Any CPU
	EndGlobalSection
	GlobalSection(ProjectConfigurationPlatforms) = postSolution
		{E03997F5-E3AE-49E7-9F10-61664925C83A}.Debug|Any CPU.ActiveCfg = Debug|Any CPU
		{E03997F5-E3AE-49E7-9F10-61664925C83A}.Debug|Any CPU.Build.0 = Debug|Any CPU
		{E03997F5-E3AE-49E7-9F10-61664925C83A}.Release|Any CPU.ActiveCfg = Release|Any CPU
		{E03997F5-E3AE-49E7-9F10-61664925C83A}.Release|Any CPU.Build.0 = Release|Any CPU
	EndGlobalSection
	GlobalSection(SolutionProperties) = preSolution
		HideSolutionNode = FALSE
	EndGlobalSection
	GlobalSection(ExtensibilityGlobals) = postSolution
		SolutionGuid = {0C5368D9-8B60-4F54-AE23-8B2BC6F7B6DB}
	EndGlobalSection
EndGlobal
